
Microsoft Visual Studio Solution File, Format Version 12.00
# Visual Studio Version 17
VisualStudioVersion = 17.9.34714.143
MinimumVisualStudioVersion = 10.0.40219.1
Project("{FAE04EC0-301F-11D3-BF4B-00C04F79EFBC}") = "AlFikr.BookService.Api", "AlFikr.BookService.Api\AlFikr.BookService.Api.csproj", "{29F928F0-BC1A-4106-BDCD-7D921131278C}"
EndProject
Project("{FAE04EC0-301F-11D3-BF4B-00C04F79EFBC}") = "AlFikr.BookService.Business", "AlFikr.BookService.Business\AlFikr.BookService.Business.csproj", "{E2160DB8-F089-4B5E-8C24-3BDB7C962AEC}"
EndProject
Project("{FAE04EC0-301F-11D3-BF4B-00C04F79EFBC}") = "AlFikr.BookService.Entities", "AlFikr.BookService.Entities\AlFikr.BookService.Entities.csproj", "{FC45E08B-3CF6-4C87-AA38-FDF377C10879}"
EndProject
Project("{FAE04EC0-301F-11D3-BF4B-00C04F79EFBC}") = "AlFikr.BookService.Data", "AlFikr.BookService.Data\AlFikr.BookService.Data.csproj", "{1E5BA9AB-D552-4D35-BA7D-72DE135C4F20}"
EndProject
Project("{FAE04EC0-301F-11D3-BF4B-00C04F79EFBC}") = "AlFikr.BookService.Tests", "AlFikr.BookService.Tests\AlFikr.BookService.Tests.csproj", "{35BFC0C2-6699-444F-8926-04D32A524101}"
EndProject
Global
	GlobalSection(SolutionConfigurationPlatforms) = preSolution
		Debug|Any CPU = Debug|Any CPU
		Release|Any CPU = Release|Any CPU
	EndGlobalSection
	GlobalSection(ProjectConfigurationPlatforms) = postSolution
		{29F928F0-BC1A-4106-BDCD-7D921131278C}.Debug|Any CPU.ActiveCfg = Debug|Any CPU
		{29F928F0-BC1A-4106-BDCD-7D921131278C}.Debug|Any CPU.Build.0 = Debug|Any CPU
		{29F928F0-BC1A-4106-BDCD-7D921131278C}.Release|Any CPU.ActiveCfg = Release|Any CPU
		{29F928F0-BC1A-4106-BDCD-7D921131278C}.Release|Any CPU.Build.0 = Release|Any CPU
		{E2160DB8-F089-4B5E-8C24-3BDB7C962AEC}.Debug|Any CPU.ActiveCfg = Debug|Any CPU
		{E2160DB8-F089-4B5E-8C24-3BDB7C962AEC}.Debug|Any CPU.Build.0 = Debug|Any CPU
		{E2160DB8-F089-4B5E-8C24-3BDB7C962AEC}.Release|Any CPU.ActiveCfg = Release|Any CPU
		{E2160DB8-F089-4B5E-8C24-3BDB7C962AEC}.Release|Any CPU.Build.0 = Release|Any CPU
		{FC45E08B-3CF6-4C87-AA38-FDF377C10879}.Debug|Any CPU.ActiveCfg = Debug|Any CPU
		{FC45E08B-3CF6-4C87-AA38-FDF377C10879}.Debug|Any CPU.Build.0 = Debug|Any CPU
		{FC45E08B-3CF6-4C87-AA38-FDF377C10879}.Release|Any CPU.ActiveCfg = Release|Any CPU
		{FC45E08B-3CF6-4C87-AA38-FDF377C10879}.Release|Any CPU.Build.0 = Release|Any CPU
		{1E5BA9AB-D552-4D35-BA7D-72DE135C4F20}.Debug|Any CPU.ActiveCfg = Debug|Any CPU
		{1E5BA9AB-D552-4D35-BA7D-72DE135C4F20}.Debug|Any CPU.Build.0 = Debug|Any CPU
		{1E5BA9AB-D552-4D35-BA7D-72DE135C4F20}.Release|Any CPU.ActiveCfg = Release|Any CPU
		{1E5BA9AB-D552-4D35-BA7D-72DE135C4F20}.Release|Any CPU.Build.0 = Release|Any CPU
		{35BFC0C2-6699-444F-8926-04D32A524101}.Debug|Any CPU.ActiveCfg = Debug|Any CPU
		{35BFC0C2-6699-444F-8926-04D32A524101}.Debug|Any CPU.Build.0 = Debug|Any CPU
		{35BFC0C2-6699-444F-8926-04D32A524101}.Release|Any CPU.ActiveCfg = Release|Any CPU
		{35BFC0C2-6699-444F-8926-04D32A524101}.Release|Any CPU.Build.0 = Release|Any CPU
	EndGlobalSection
	GlobalSection(SolutionProperties) = preSolution
		HideSolutionNode = FALSE
	EndGlobalSection
	GlobalSection(ExtensibilityGlobals) = postSolution
		SolutionGuid = {90FA7698-8F03-4ADC-9A36-592A378F28F8}
	EndGlobalSection
EndGlobal
